
Microsoft Visual Studio Solution File, Format Version 12.00
# Visual Studio Version 16
VisualStudioVersion = 16.0.28803.352
MinimumVisualStudioVersion = 10.0.40219.1
Project("{9A19103F-16F7-4668-BE54-9A1E7A4F7556}") = "Lalamachine", "Lalamachine\Lalamachine.csproj", "{9C2C2652-805B-4816-AA5C-1374C059C018}"
EndProject
Project("{9A19103F-16F7-4668-BE54-9A1E7A4F7556}") = "LibLala", "LibLala\LibLala.csproj", "{7950C86E-D622-4DEF-A5C3-B8F22BDE3D80}"
EndProject
Project("{9A19103F-16F7-4668-BE54-9A1E7A4F7556}") = "LibLala.Unittests", "LibLala.Unittests\LibLala.Unittests.csproj", "{37D6A616-A5BC-4428-9DCF-DFBB740A9E4A}"
EndProject
Project("{9A19103F-16F7-4668-BE54-9A1E7A4F7556}") = "Lalamachine.Wpf", "Lalamachine.Wpf\Lalamachine.Wpf.csproj", "{5DE674BB-BDEC-4898-AC73-AA9FC43DB549}"
EndProject
Project("{9A19103F-16F7-4668-BE54-9A1E7A4F7556}") = "LalaDb", "LalaDb\LalaDb.csproj", "{CFF287E1-5A1C-418D-8EF5-A58F994A76AA}"
EndProject
Global
	GlobalSection(SolutionConfigurationPlatforms) = preSolution
		Debug|Any CPU = Debug|Any CPU
		Debug|x64 = Debug|x64
		Release|Any CPU = Release|Any CPU
		Release|x64 = Release|x64
	EndGlobalSection
	GlobalSection(ProjectConfigurationPlatforms) = postSolution
		{9C2C2652-805B-4816-AA5C-1374C059C018}.Debug|Any CPU.ActiveCfg = Debug|Any CPU
		{9C2C2652-805B-4816-AA5C-1374C059C018}.Debug|Any CPU.Build.0 = Debug|Any CPU
		{9C2C2652-805B-4816-AA5C-1374C059C018}.Debug|x64.ActiveCfg = Debug|Any CPU
		{9C2C2652-805B-4816-AA5C-1374C059C018}.Debug|x64.Build.0 = Debug|Any CPU
		{9C2C2652-805B-4816-AA5C-1374C059C018}.Release|Any CPU.ActiveCfg = Release|Any CPU
		{9C2C2652-805B-4816-AA5C-1374C059C018}.Release|Any CPU.Build.0 = Release|Any CPU
		{9C2C2652-805B-4816-AA5C-1374C059C018}.Release|x64.ActiveCfg = Release|Any CPU
		{9C2C2652-805B-4816-AA5C-1374C059C018}.Release|x64.Build.0 = Release|Any CPU
		{7950C86E-D622-4DEF-A5C3-B8F22BDE3D80}.Debug|Any CPU.ActiveCfg = Debug|Any CPU
		{7950C86E-D622-4DEF-A5C3-B8F22BDE3D80}.Debug|Any CPU.Build.0 = Debug|Any CPU
		{7950C86E-D622-4DEF-A5C3-B8F22BDE3D80}.Debug|x64.ActiveCfg = Debug|Any CPU
		{7950C86E-D622-4DEF-A5C3-B8F22BDE3D80}.Debug|x64.Build.0 = Debug|Any CPU
		{7950C86E-D622-4DEF-A5C3-B8F22BDE3D80}.Release|Any CPU.ActiveCfg = Release|Any CPU
		{7950C86E-D622-4DEF-A5C3-B8F22BDE3D80}.Release|Any CPU.Build.0 = Release|Any CPU
		{7950C86E-D622-4DEF-A5C3-B8F22BDE3D80}.Release|x64.ActiveCfg = Release|Any CPU
		{7950C86E-D622-4DEF-A5C3-B8F22BDE3D80}.Release|x64.Build.0 = Release|Any CPU
		{37D6A616-A5BC-4428-9DCF-DFBB740A9E4A}.Debug|Any CPU.ActiveCfg = Debug|Any CPU
		{37D6A616-A5BC-4428-9DCF-DFBB740A9E4A}.Debug|Any CPU.Build.0 = Debug|Any CPU
		{37D6A616-A5BC-4428-9DCF-DFBB740A9E4A}.Debug|x64.ActiveCfg = Debug|Any CPU
		{37D6A616-A5BC-4428-9DCF-DFBB740A9E4A}.Debug|x64.Build.0 = Debug|Any CPU
		{37D6A616-A5BC-4428-9DCF-DFBB740A9E4A}.Release|Any CPU.ActiveCfg = Release|Any CPU
		{37D6A616-A5BC-4428-9DCF-DFBB740A9E4A}.Release|Any CPU.Build.0 = Release|Any CPU
		{37D6A616-A5BC-4428-9DCF-DFBB740A9E4A}.Release|x64.ActiveCfg = Release|Any CPU
		{37D6A616-A5BC-4428-9DCF-DFBB740A9E4A}.Release|x64.Build.0 = Release|Any CPU
		{5DE674BB-BDEC-4898-AC73-AA9FC43DB549}.Debug|Any CPU.ActiveCfg = Debug|Any CPU
		{5DE674BB-BDEC-4898-AC73-AA9FC43DB549}.Debug|Any CPU.Build.0 = Debug|Any CPU
		{5DE674BB-BDEC-4898-AC73-AA9FC43DB549}.Debug|x64.ActiveCfg = Debug|Any CPU
		{5DE674BB-BDEC-4898-AC73-AA9FC43DB549}.Debug|x64.Build.0 = Debug|Any CPU
		{5DE674BB-BDEC-4898-AC73-AA9FC43DB549}.Release|Any CPU.ActiveCfg = Release|Any CPU
		{5DE674BB-BDEC-4898-AC73-AA9FC43DB549}.Release|Any CPU.Build.0 = Release|Any CPU
		{5DE674BB-BDEC-4898-AC73-AA9FC43DB549}.Release|x64.ActiveCfg = Release|Any CPU
		{5DE674BB-BDEC-4898-AC73-AA9FC43DB549}.Release|x64.Build.0 = Release|Any CPU
		{CFF287E1-5A1C-418D-8EF5-A58F994A76AA}.Debug|Any CPU.ActiveCfg = Debug|Any CPU
		{CFF287E1-5A1C-418D-8EF5-A58F994A76AA}.Debug|Any CPU.Build.0 = Debug|Any CPU
		{CFF287E1-5A1C-418D-8EF5-A58F994A76AA}.Debug|x64.ActiveCfg = Debug|Any CPU
		{CFF287E1-5A1C-418D-8EF5-A58F994A76AA}.Debug|x64.Build.0 = Debug|Any CPU
		{CFF287E1-5A1C-418D-8EF5-A58F994A76AA}.Release|Any CPU.ActiveCfg = Release|Any CPU
		{CFF287E1-5A1C-418D-8EF5-A58F994A76AA}.Release|Any CPU.Build.0 = Release|Any CPU
		{CFF287E1-5A1C-418D-8EF5-A58F994A76AA}.Release|x64.ActiveCfg = Release|Any CPU
		{CFF287E1-5A1C-418D-8EF5-A58F994A76AA}.Release|x64.Build.0 = Release|Any CPU
	EndGlobalSection
	GlobalSection(SolutionProperties) = preSolution
		HideSolutionNode = FALSE
	EndGlobalSection
	GlobalSection(ExtensibilityGlobals) = postSolution
		SolutionGuid = {A46D32C4-5414-4CB8-94D3-52F8063994A6}
	EndGlobalSection
EndGlobal
